
Microsoft Visual Studio Solution File, Format Version 12.00
Project("{FAE04EC0-301F-11D3-BF4B-00C04F79EFBC}") = "IdentityProvider.Basic", "src\IdentityProvider.Basic\IdentityProvider.Basic.csproj", "{986A51D4-6F4F-4B8D-9D37-152ACBB3A579}"
EndProject
Project("{2150E333-8FDC-42A3-9474-1A3956D46DE8}") = "src", "src", "{F7B55007-49D9-4048-8146-AE48F679F97A}"
EndProject
Project("{FAE04EC0-301F-11D3-BF4B-00C04F79EFBC}") = "IdentityProvider.Authentication", "src\IdentityProvider.Authentication\IdentityProvider.Authentication.csproj", "{BCE33E76-BD30-46FC-862E-EAD8AAFC9962}"
EndProject
Project("{FAE04EC0-301F-11D3-BF4B-00C04F79EFBC}") = "IdentityProvider.AuthenticationWithAuthorization", "src\IdentityProvider.AuthenticationWithAuthorization\IdentityProvider.AuthenticationWithAuthorization.csproj", "{87F79451-CF3A-4B10-AA03-D994C4978A80}"
EndProject
Project("{FAE04EC0-301F-11D3-BF4B-00C04F79EFBC}") = "IdentityProvider.Identity", "src\IdentityProvider.Identity\IdentityProvider.Identity.csproj", "{EA1429D7-AD08-4536-B41B-4C1557804CCA}"
EndProject
Project("{FAE04EC0-301F-11D3-BF4B-00C04F79EFBC}") = "IdentityProvider.Jwt.Symmetric", "src\IdentityProvider.Jwt.Symmetric\IdentityProvider.Jwt.Symmetric.csproj", "{52E87BD1-A23E-4DBF-8ACA-640762DBB698}"
EndProject
Project("{FAE04EC0-301F-11D3-BF4B-00C04F79EFBC}") = "IdentityProvider.Jwt.Asymmetric", "src\IdentityProvider.Jwt.Asymmetric\IdentityProvider.Jwt.Asymmetric.csproj", "{2C14E048-6511-4F20-AB27-11CAC8014ADF}"
EndProject
Project("{FAE04EC0-301F-11D3-BF4B-00C04F79EFBC}") = "IdentityProvider.OAut", "src\IdentityProvider.OAut\IdentityProvider.OAut.csproj", "{BEE31D5C-AF44-4867-9488-F2F55E1C612A}"
EndProject
Global
	GlobalSection(SolutionConfigurationPlatforms) = preSolution
		Debug|Any CPU = Debug|Any CPU
		Release|Any CPU = Release|Any CPU
	EndGlobalSection
	GlobalSection(ProjectConfigurationPlatforms) = postSolution
		{986A51D4-6F4F-4B8D-9D37-152ACBB3A579}.Debug|Any CPU.ActiveCfg = Debug|Any CPU
		{986A51D4-6F4F-4B8D-9D37-152ACBB3A579}.Debug|Any CPU.Build.0 = Debug|Any CPU
		{986A51D4-6F4F-4B8D-9D37-152ACBB3A579}.Release|Any CPU.ActiveCfg = Release|Any CPU
		{986A51D4-6F4F-4B8D-9D37-152ACBB3A579}.Release|Any CPU.Build.0 = Release|Any CPU
		{BCE33E76-BD30-46FC-862E-EAD8AAFC9962}.Debug|Any CPU.ActiveCfg = Debug|Any CPU
		{BCE33E76-BD30-46FC-862E-EAD8AAFC9962}.Debug|Any CPU.Build.0 = Debug|Any CPU
		{BCE33E76-BD30-46FC-862E-EAD8AAFC9962}.Release|Any CPU.ActiveCfg = Release|Any CPU
		{BCE33E76-BD30-46FC-862E-EAD8AAFC9962}.Release|Any CPU.Build.0 = Release|Any CPU
		{87F79451-CF3A-4B10-AA03-D994C4978A80}.Debug|Any CPU.ActiveCfg = Debug|Any CPU
		{87F79451-CF3A-4B10-AA03-D994C4978A80}.Debug|Any CPU.Build.0 = Debug|Any CPU
		{87F79451-CF3A-4B10-AA03-D994C4978A80}.Release|Any CPU.ActiveCfg = Release|Any CPU
		{87F79451-CF3A-4B10-AA03-D994C4978A80}.Release|Any CPU.Build.0 = Release|Any CPU
		{EA1429D7-AD08-4536-B41B-4C1557804CCA}.Debug|Any CPU.ActiveCfg = Debug|Any CPU
		{EA1429D7-AD08-4536-B41B-4C1557804CCA}.Debug|Any CPU.Build.0 = Debug|Any CPU
		{EA1429D7-AD08-4536-B41B-4C1557804CCA}.Release|Any CPU.ActiveCfg = Release|Any CPU
		{EA1429D7-AD08-4536-B41B-4C1557804CCA}.Release|Any CPU.Build.0 = Release|Any CPU
		{52E87BD1-A23E-4DBF-8ACA-640762DBB698}.Debug|Any CPU.ActiveCfg = Debug|Any CPU
		{52E87BD1-A23E-4DBF-8ACA-640762DBB698}.Debug|Any CPU.Build.0 = Debug|Any CPU
		{52E87BD1-A23E-4DBF-8ACA-640762DBB698}.Release|Any CPU.ActiveCfg = Release|Any CPU
		{52E87BD1-A23E-4DBF-8ACA-640762DBB698}.Release|Any CPU.Build.0 = Release|Any CPU
		{2C14E048-6511-4F20-AB27-11CAC8014ADF}.Debug|Any CPU.ActiveCfg = Debug|Any CPU
		{2C14E048-6511-4F20-AB27-11CAC8014ADF}.Debug|Any CPU.Build.0 = Debug|Any CPU
		{2C14E048-6511-4F20-AB27-11CAC8014ADF}.Release|Any CPU.ActiveCfg = Release|Any CPU
		{2C14E048-6511-4F20-AB27-11CAC8014ADF}.Release|Any CPU.Build.0 = Release|Any CPU
		{BEE31D5C-AF44-4867-9488-F2F55E1C612A}.Debug|Any CPU.ActiveCfg = Debug|Any CPU
		{BEE31D5C-AF44-4867-9488-F2F55E1C612A}.Debug|Any CPU.Build.0 = Debug|Any CPU
		{BEE31D5C-AF44-4867-9488-F2F55E1C612A}.Release|Any CPU.ActiveCfg = Release|Any CPU
		{BEE31D5C-AF44-4867-9488-F2F55E1C612A}.Release|Any CPU.Build.0 = Release|Any CPU
	EndGlobalSection
	GlobalSection(NestedProjects) = preSolution
		{986A51D4-6F4F-4B8D-9D37-152ACBB3A579} = {F7B55007-49D9-4048-8146-AE48F679F97A}
		{BCE33E76-BD30-46FC-862E-EAD8AAFC9962} = {F7B55007-49D9-4048-8146-AE48F679F97A}
		{87F79451-CF3A-4B10-AA03-D994C4978A80} = {F7B55007-49D9-4048-8146-AE48F679F97A}
		{EA1429D7-AD08-4536-B41B-4C1557804CCA} = {F7B55007-49D9-4048-8146-AE48F679F97A}
		{52E87BD1-A23E-4DBF-8ACA-640762DBB698} = {F7B55007-49D9-4048-8146-AE48F679F97A}
		{2C14E048-6511-4F20-AB27-11CAC8014ADF} = {F7B55007-49D9-4048-8146-AE48F679F97A}
		{BEE31D5C-AF44-4867-9488-F2F55E1C612A} = {F7B55007-49D9-4048-8146-AE48F679F97A}
	EndGlobalSection
EndGlobal
